
Microsoft Visual Studio Solution File, Format Version 12.00
# Visual Studio Version 17
VisualStudioVersion = 17.7.34031.279
MinimumVisualStudioVersion = 10.0.40219.1
Project("{FAE04EC0-301F-11D3-BF4B-00C04F79EFBC}") = "YilanOyunu", "YilanOyunu\YilanOyunu.csproj", "{B0FACA8D-5902-470F-B236-2DBB2D75406D}"
EndProject
Global
	GlobalSection(SolutionConfigurationPlatforms) = preSolution
		Debug|Any CPU = Debug|Any CPU
		Release|Any CPU = Release|Any CPU
	EndGlobalSection
	GlobalSection(ProjectConfigurationPlatforms) = postSolution
		{B0FACA8D-5902-470F-B236-2DBB2D75406D}.Debug|Any CPU.ActiveCfg = Debug|Any CPU
		{B0FACA8D-5902-470F-B236-2DBB2D75406D}.Debug|Any CPU.Build.0 = Debug|Any CPU
		{B0FACA8D-5902-470F-B236-2DBB2D75406D}.Release|Any CPU.ActiveCfg = Release|Any CPU
		{B0FACA8D-5902-470F-B236-2DBB2D75406D}.Release|Any CPU.Build.0 = Release|Any CPU
	EndGlobalSection
	GlobalSection(SolutionProperties) = preSolution
		HideSolutionNode = FALSE
	EndGlobalSection
	GlobalSection(ExtensibilityGlobals) = postSolution
		SolutionGuid = {4E2C7B8A-A931-48E8-8072-BCA5B11B1D07}
	EndGlobalSection
EndGlobal
